
Microsoft Visual Studio Solution File, Format Version 12.00
# Visual Studio Version 17
VisualStudioVersion = 17.9.34622.214
MinimumVisualStudioVersion = 10.0.40219.1
Project("{FAE04EC0-301F-11D3-BF4B-00C04F79EFBC}") = "Homework01", "Homework01\Homework01.csproj", "{C3BCB25C-85DD-4D78-9C38-5C9E2F8C7B26}"
EndProject
Global
	GlobalSection(SolutionConfigurationPlatforms) = preSolution
		Debug|Any CPU = Debug|Any CPU
		Release|Any CPU = Release|Any CPU
	EndGlobalSection
	GlobalSection(ProjectConfigurationPlatforms) = postSolution
		{C3BCB25C-85DD-4D78-9C38-5C9E2F8C7B26}.Debug|Any CPU.ActiveCfg = Debug|Any CPU
		{C3BCB25C-85DD-4D78-9C38-5C9E2F8C7B26}.Debug|Any CPU.Build.0 = Debug|Any CPU
		{C3BCB25C-85DD-4D78-9C38-5C9E2F8C7B26}.Release|Any CPU.ActiveCfg = Release|Any CPU
		{C3BCB25C-85DD-4D78-9C38-5C9E2F8C7B26}.Release|Any CPU.Build.0 = Release|Any CPU
	EndGlobalSection
	GlobalSection(SolutionProperties) = preSolution
		HideSolutionNode = FALSE
	EndGlobalSection
	GlobalSection(ExtensibilityGlobals) = postSolution
		SolutionGuid = {6C3A404F-9F5F-47E8-9C2F-B2E0812A7DBD}
	EndGlobalSection
EndGlobal
